// !$*UTF8*$!
{
	archiveVersion = 1;
	classes = {
	};
	objectVersion = 46;
	objects = {

/* Begin PBXBuildFile section */
		88FF13CC1C91518D0095064F /* AppDelegate.swift in Sources */ = {isa = PBXBuildFile; fileRef = 88FF13CB1C91518D0095064F /* AppDelegate.swift */; };
		88FF13CE1C91518D0095064F /* ViewController.swift in Sources */ = {isa = PBXBuildFile; fileRef = 88FF13CD1C91518D0095064F /* ViewController.swift */; };
		88FF13D11C91518D0095064F /* Main.storyboard in Resources */ = {isa = PBXBuildFile; fileRef = 88FF13CF1C91518D0095064F /* Main.storyboard */; };
		88FF13D31C91518D0095064F /* Assets.xcassets in Resources */ = {isa = PBXBuildFile; fileRef = 88FF13D21C91518D0095064F /* Assets.xcassets */; };
		88FF13D61C91518D0095064F /* LaunchScreen.storyboard in Resources */ = {isa = PBXBuildFile; fileRef = 88FF13D41C91518D0095064F /* LaunchScreen.storyboard */; };
		88FF13DF1C9151FA0095064F /* Post.swift in Sources */ = {isa = PBXBuildFile; fileRef = 88FF13DE1C9151FA0095064F /* Post.swift */; };
/* End PBXBuildFile section */

/* Begin PBXFileReference section */
		88FF13C81C91518D0095064F /* MyHood.app */ = {isa = PBXFileReference; explicitFileType = wrapper.application; includeInIndex = 0; path = MyHood.app; sourceTree = BUILT_PRODUCTS_DIR; };
		88FF13CB1C91518D0095064F /* AppDelegate.swift */ = {isa = PBXFileReference; lastKnownFileType = sourcecode.swift; path = AppDelegate.swift; sourceTree = "<group>"; };
		88FF13CD1C91518D0095064F /* ViewController.swift */ = {isa = PBXFileReference; lastKnownFileType = sourcecode.swift; path = ViewController.swift; sourceTree = "<group>"; };
		88FF13D01C91518D0095064F /* Base */ = {isa = PBXFileReference; lastKnownFileType = file.storyboard; name = Base; path = Base.lproj/Main.storyboard; sourceTree = "<group>"; };
		88FF13D21C91518D0095064F /* Assets.xcassets */ = {isa = PBXFileReference; lastKnownFileType = folder.assetcatalog; path = Assets.xcassets; sourceTree = "<group>"; };
		88FF13D51C91518D0095064F /* Base */ = {isa = PBXFileReference; lastKnownFileType = file.storyboard; name = Base; path = Base.lproj/LaunchScreen.storyboard; sourceTree = "<group>"; };
		88FF13D71C91518D0095064F /* Info.plist */ = {isa = PBXFileReference; lastKnownFileType = text.plist.xml; path = Info.plist; sourceTree = "<group>"; };
		88FF13DE1C9151FA0095064F /* Post.swift */ = {isa = PBXFileReference; fileEncoding = 4; lastKnownFileType = sourcecode.swift; path = Post.swift; sourceTree = "<group>"; };
/* End PBXFileReference section */

/* Begin PBXFrameworksBuildPhase section */
		88FF13C51C91518D0095064F /* Frameworks */ = {
			isa = PBXFrameworksBuildPhase;
			buildActionMask = 2147483647;
			files = (
			);
			runOnlyForDeploymentPostprocessing = 0;
		};
/* End PBXFrameworksBuildPhase section */

/* Begin PBXGroup section */
		88FF13BF1C91518D0095064F = {
			isa = PBXGroup;
			children = (
				88FF13CA1C91518D0095064F /* MyHood */,
				88FF13C91C91518D0095064F /* Products */,
			);
			sourceTree = "<group>";
		};
		88FF13C91C91518D0095064F /* Products */ = {
			isa = PBXGroup;
			children = (
				88FF13C81C91518D0095064F /* MyHood.app */,
			);
			name = Products;
			sourceTree = "<group>";
		};
		88FF13CA1C91518D0095064F /* MyHood */ = {
			isa = PBXGroup;
			children = (
				88FF13DD1C9151E50095064F /* Model */,
				88FF13CB1C91518D0095064F /* AppDelegate.swift */,
				88FF13CD1C91518D0095064F /* ViewController.swift */,
				88FF13CF1C91518D0095064F /* Main.storyboard */,
				88FF13D21C91518D0095064F /* Assets.xcassets */,
				88FF13D41C91518D0095064F /* LaunchScreen.storyboard */,
				88FF13D71C91518D0095064F /* Info.plist */,
			);
			path = MyHood;
			sourceTree = "<group>";
		};
		88FF13DD1C9151E50095064F /* Model */ = {
			isa = PBXGroup;
			children = (
				88FF13DE1C9151FA0095064F /* Post.swift */,
			);
			name = Model;
			sourceTree = "<group>";
		};
/* End PBXGroup section */

/* Begin PBXNativeTarget section */
		88FF13C71C91518D0095064F /* MyHood */ = {
			isa = PBXNativeTarget;
			buildConfigurationList = 88FF13DA1C91518D0095064F /* Build configuration list for PBXNativeTarget "MyHood" */;
			buildPhases = (
				88FF13C41C91518D0095064F /* Sources */,
				88FF13C51C91518D0095064F /* Frameworks */,
				88FF13C61C91518D0095064F /* Resources */,
			);
			buildRules = (
			);
			dependencies = (
			);
			name = MyHood;
			productName = MyHood;
			productReference = 88FF13C81C91518D0095064F /* MyHood.app */;
			productType = "com.apple.product-type.application";
		};
/* End PBXNativeTarget section */

/* Begin PBXProject section */
		88FF13C01C91518D0095064F /* Project object */ = {
			isa = PBXProject;
			attributes = {
				LastSwiftUpdateCheck = 0720;
				LastUpgradeCheck = 0720;
				ORGANIZATIONNAME = "Project Omicron";
				TargetAttributes = {
					88FF13C71C91518D0095064F = {
						CreatedOnToolsVersion = 7.2.1;
						DevelopmentTeam = ZVS8K2A3JV;
					};
				};
			};
			buildConfigurationList = 88FF13C31C91518D0095064F /* Build configuration list for PBXProject "MyHood" */;
			compatibilityVersion = "Xcode 3.2";
			developmentRegion = English;
			hasScannedForEncodings = 0;
			knownRegions = (
				en,
				Base,
			);
			mainGroup = 88FF13BF1C91518D0095064F;
			productRefGroup = 88FF13C91C91518D0095064F /* Products */;
			projectDirPath = "";
			projectRoot = "";
			targets = (
				88FF13C71C91518D0095064F /* MyHood */,
			);
		};
/* End PBXProject section */

/* Begin PBXResourcesBuildPhase section */
		88FF13C61C91518D0095064F /* Resources */ = {
			isa = PBXResourcesBuildPhase;
			buildActionMask = 2147483647;
			files = (
				88FF13D61C91518D0095064F /* LaunchScreen.storyboard in Resources */,
				88FF13D31C91518D0095064F /* Assets.xcassets in Resources */,
				88FF13D11C91518D0095064F /* Main.storyboard in Resources */,
			);
			runOnlyForDeploymentPostprocessing = 0;
		};
/* End PBXResourcesBuildPhase section */

/* Begin PBXSourcesBuildPhase section */
		88FF13C41C91518D0095064F /* Sources */ = {
			isa = PBXSourcesBuildPhase;
			buildActionMask = 2147483647;
			files = (
				88FF13DF1C9151FA0095064F /* Post.swift in Sources */,
				88FF13CE1C91518D0095064F /* ViewController.swift in Sources */,
				88FF13CC1C91518D0095064F /* AppDelegate.swift in Sources */,
			);
			runOnlyForDeploymentPostprocessing = 0;
		};
/* End PBXSourcesBuildPhase section */

/* Begin PBXVariantGroup section */
		88FF13CF1C91518D0095064F /* Main.storyboard */ = {
			isa = PBXVariantGroup;
			children = (
				88FF13D01C91518D0095064F /* Base */,
			);
			name = Main.storyboard;
			sourceTree = "<group>";
		};
		88FF13D41C91518D0095064F /* LaunchScreen.storyboard */ = {
			isa = PBXVariantGroup;
			children = (
				88FF13D51C91518D0095064F /* Base */,
			);
			name = LaunchScreen.storyboard;
			sourceTree = "<group>";
		};
/* End PBXVariantGroup section */

/* Begin XCBuildConfiguration section */
		88FF13D81C91518D0095064F /* Debug */ = {
			isa = XCBuildConfiguration;
			buildSettings = {
				ALWAYS_SEARCH_USER_PATHS = NO;
				CLANG_CXX_LANGUAGE_STANDARD = "gnu++0x";
				CLANG_CXX_LIBRARY = "libc++";
				CLANG_ENABLE_MODULES = YES;
				CLANG_ENABLE_OBJC_ARC = YES;
				CLANG_WARN_BOOL_CONVERSION = YES;
				CLANG_WARN_CONSTANT_CONVERSION = YES;
				CLANG_WARN_DIRECT_OBJC_ISA_USAGE = YES_ERROR;
				CLANG_WARN_EMPTY_BODY = YES;
				CLANG_WARN_ENUM_CONVERSION = YES;
				CLANG_WARN_INT_CONVERSION = YES;
				CLANG_WARN_OBJC_ROOT_CLASS = YES_ERROR;
				CLANG_WARN_UNREACHABLE_CODE = YES;
				CLANG_WARN__DUPLICATE_METHOD_MATCH = YES;
				"CODE_SIGN_IDENTITY[sdk=iphoneos*]" = "iPhone Developer";
				COPY_PHASE_STRIP = NO;
				DEBUG_INFORMATION_FORMAT = dwarf;
				ENABLE_STRICT_OBJC_MSGSEND = YES;
				ENABLE_TESTABILITY = YES;
				GCC_C_LANGUAGE_STANDARD = gnu99;
				GCC_DYNAMIC_NO_PIC = NO;
				GCC_NO_COMMON_BLOCKS = YES;
				GCC_OPTIMIZATION_LEVEL = 0;
				GCC_PREPROCESSOR_DEFINITIONS = (
					"DEBUG=1",
					"$(inherited)",
				);
				GCC_WARN_64_TO_32_BIT_CONVERSION = YES;
				GCC_WARN_ABOUT_RETURN_TYPE = YES_ERROR;
				GCC_WARN_UNDECLARED_SELECTOR = YES;
				GCC_WARN_UNINITIALIZED_AUTOS = YES_AGGRESSIVE;
				GCC_WARN_UNUSED_FUNCTION = YES;
				GCC_WARN_UNUSED_VARIABLE = YES;
				IPHONEOS_DEPLOYMENT_TARGET = 9.2;
				MTL_ENABLE_DEBUG_INFO = YES;
				ONLY_ACTIVE_ARCH = YES;
				SDKROOT = iphoneos;
				SWIFT_OPTIMIZATION_LEVEL = "-Onone";
				TARGETED_DEVICE_FAMILY = "1,2";
			};
			name = Debug;
		};
		88FF13D91C91518D0095064F /* Release */ = {
			isa = XCBuildConfiguration;
			buildSettings = {
				ALWAYS_SEARCH_USER_PATHS = NO;
				CLANG_CXX_LANGUAGE_STANDARD = "gnu++0x";
				CLANG_CXX_LIBRARY = "libc++";
				CLANG_ENABLE_MODULES = YES;
				CLANG_ENABLE_OBJC_ARC = YES;
				CLANG_WARN_BOOL_CONVERSION = YES;
				CLANG_WARN_CONSTANT_CONVERSION = YES;
				CLANG_WARN_DIRECT_OBJC_ISA_USAGE = YES_ERROR;
				CLANG_WARN_EMPTY_BODY = YES;
				CLANG_WARN_ENUM_CONVERSION = YES;
				CLANG_WARN_INT_CONVERSION = YES;
				CLANG_WARN_OBJC_ROOT_CLASS = YES_ERROR;
				CLANG_WARN_UNREACHABLE_CODE = YES;
				CLANG_WARN__DUPLICATE_METHOD_MATCH = YES;
				"CODE_SIGN_IDENTITY[sdk=iphoneos*]" = "iPhone Developer";
				COPY_PHASE_STRIP = NO;
				DEBUG_INFORMATION_FORMAT = "dwarf-with-dsym";
				ENABLE_NS_ASSERTIONS = NO;
				ENABLE_STRICT_OBJC_MSGSEND = YES;
				GCC_C_LANGUAGE_STANDARD = gnu99;
				GCC_NO_COMMON_BLOCKS = YES;
				GCC_WARN_64_TO_32_BIT_CONVERSION = YES;
				GCC_WARN_ABOUT_RETURN_TYPE = YES_ERROR;
				GCC_WARN_UNDECLARED_SELECTOR = YES;
				GCC_WARN_UNINITIALIZED_AUTOS = YES_AGGRESSIVE;
				GCC_WARN_UNUSED_FUNCTION = YES;
				GCC_WARN_UNUSED_VARIABLE = YES;
				IPHONEOS_DEPLOYMENT_TARGET = 9.2;
				MTL_ENABLE_DEBUG_INFO = NO;
				SDKROOT = iphoneos;
				TARGETED_DEVICE_FAMILY = "1,2";
				VALIDATE_PRODUCT = YES;
			};
			name = Release;
		};
		88FF13DB1C91518D0095064F /* Debug */ = {
			isa = XCBuildConfiguration;
			buildSettings = {
				ASSETCATALOG_COMPILER_APPICON_NAME = AppIcon;
				INFOPLIST_FILE = MyHood/Info.plist;
				LD_RUNPATH_SEARCH_PATHS = "$(inherited) @executable_path/Frameworks";
				PRODUCT_BUNDLE_IDENTIFIER = com.projectomicron.MyHood;
				PRODUCT_NAME = "$(TARGET_NAME)";
			};
			name = Debug;
		};
		88FF13DC1C91518D0095064F /* Release */ = {
			isa = XCBuildConfiguration;
			buildSettings = {
				ASSETCATALOG_COMPILER_APPICON_NAME = AppIcon;
				INFOPLIST_FILE = MyHood/Info.plist;
				LD_RUNPATH_SEARCH_PATHS = "$(inherited) @executable_path/Frameworks";
				PRODUCT_BUNDLE_IDENTIFIER = com.projectomicron.MyHood;
				PRODUCT_NAME = "$(TARGET_NAME)";
			};
			name = Release;
		};
/* End XCBuildConfiguration section */

/* Begin XCConfigurationList section */
		88FF13C31C91518D0095064F /* Build configuration list for PBXProject "MyHood" */ = {
			isa = XCConfigurationList;
			buildConfigurations = (
				88FF13D81C91518D0095064F /* Debug */,
				88FF13D91C91518D0095064F /* Release */,
			);
			defaultConfigurationIsVisible = 0;
			defaultConfigurationName = Release;
		};
		88FF13DA1C91518D0095064F /* Build configuration list for PBXNativeTarget "MyHood" */ = {
			isa = XCConfigurationList;
			buildConfigurations = (
				88FF13DB1C91518D0095064F /* Debug */,
				88FF13DC1C91518D0095064F /* Release */,
			);
			defaultConfigurationIsVisible = 0;
		};
/* End XCConfigurationList section */
	};
	rootObject = 88FF13C01C91518D0095064F /* Project object */;
}
